{
  "requires": true,
  "lockfileVersion": 1,
  "dependencies": {
    "@aws-cdk/aws-apigatewayv2-alpha": {
      "version": "2.41.0-alpha.0",
      "resolved": "https://registry.npmjs.org/@aws-cdk/aws-apigatewayv2-alpha/-/aws-apigatewayv2-alpha-2.41.0-alpha.0.tgz",
      "integrity": "sha512-J7VPAL4jQ7ySTyXfcOC54USGkn7H+SgQeMTrdr5Oi6a5Hj6s/4yCHVeR7IJHxgeDvMwlcqS9U+8J4HmzmChAFg=="
    }
  }
}
